
Microsoft Visual Studio Solution File, Format Version 12.00
# Visual Studio 14
VisualStudioVersion = 14.0.25420.1
MinimumVisualStudioVersion = 10.0.40219.1
Project("{FAE04EC0-301F-11D3-BF4B-00C04F79EFBC}") = "notifikr.Droid", "notifikr\notifikr.Droid\notifikr.Droid.csproj", "{D92FEABE-23CA-4DEA-921C-BA01F091F3C4}"
EndProject
Project("{FAE04EC0-301F-11D3-BF4B-00C04F79EFBC}") = "notifikr.iOS", "notifikr\notifikr.iOS\notifikr.iOS.csproj", "{D2E4751E-203A-4BDD-8DA0-707EA52E38CD}"
EndProject
Project("{FAE04EC0-301F-11D3-BF4B-00C04F79EFBC}") = "notifikr", "notifikr\notifikr\notifikr.csproj", "{A51C2C76-8D74-441D-98DF-D887FCFA9E9B}"
EndProject
Global
	GlobalSection(SolutionConfigurationPlatforms) = preSolution
		Ad-Hoc|Any CPU = Ad-Hoc|Any CPU
		Ad-Hoc|ARM = Ad-Hoc|ARM
		Ad-Hoc|iPhone = Ad-Hoc|iPhone
		Ad-Hoc|iPhoneSimulator = Ad-Hoc|iPhoneSimulator
		Ad-Hoc|x64 = Ad-Hoc|x64
		Ad-Hoc|x86 = Ad-Hoc|x86
		AppStore|Any CPU = AppStore|Any CPU
		AppStore|ARM = AppStore|ARM
		AppStore|iPhone = AppStore|iPhone
		AppStore|iPhoneSimulator = AppStore|iPhoneSimulator
		AppStore|x64 = AppStore|x64
		AppStore|x86 = AppStore|x86
		Debug|Any CPU = Debug|Any CPU
		Debug|ARM = Debug|ARM
		Debug|iPhone = Debug|iPhone
		Debug|iPhoneSimulator = Debug|iPhoneSimulator
		Debug|x64 = Debug|x64
		Debug|x86 = Debug|x86
		Release|Any CPU = Release|Any CPU
		Release|ARM = Release|ARM
		Release|iPhone = Release|iPhone
		Release|iPhoneSimulator = Release|iPhoneSimulator
		Release|x64 = Release|x64
		Release|x86 = Release|x86
	EndGlobalSection
	GlobalSection(ProjectConfigurationPlatforms) = postSolution
		{D92FEABE-23CA-4DEA-921C-BA01F091F3C4}.Ad-Hoc|Any CPU.ActiveCfg = Release|Any CPU
		{D92FEABE-23CA-4DEA-921C-BA01F091F3C4}.Ad-Hoc|Any CPU.Build.0 = Release|Any CPU
		{D92FEABE-23CA-4DEA-921C-BA01F091F3C4}.Ad-Hoc|Any CPU.Deploy.0 = Release|Any CPU
		{D92FEABE-23CA-4DEA-921C-BA01F091F3C4}.Ad-Hoc|ARM.ActiveCfg = Release|Any CPU
		{D92FEABE-23CA-4DEA-921C-BA01F091F3C4}.Ad-Hoc|ARM.Build.0 = Release|Any CPU
		{D92FEABE-23CA-4DEA-921C-BA01F091F3C4}.Ad-Hoc|ARM.Deploy.0 = Release|Any CPU
		{D92FEABE-23CA-4DEA-921C-BA01F091F3C4}.Ad-Hoc|iPhone.ActiveCfg = Release|Any CPU
		{D92FEABE-23CA-4DEA-921C-BA01F091F3C4}.Ad-Hoc|iPhone.Build.0 = Release|Any CPU
		{D92FEABE-23CA-4DEA-921C-BA01F091F3C4}.Ad-Hoc|iPhone.Deploy.0 = Release|Any CPU
		{D92FEABE-23CA-4DEA-921C-BA01F091F3C4}.Ad-Hoc|iPhoneSimulator.ActiveCfg = Release|Any CPU
		{D92FEABE-23CA-4DEA-921C-BA01F091F3C4}.Ad-Hoc|iPhoneSimulator.Build.0 = Release|Any CPU
		{D92FEABE-23CA-4DEA-921C-BA01F091F3C4}.Ad-Hoc|iPhoneSimulator.Deploy.0 = Release|Any CPU
		{D92FEABE-23CA-4DEA-921C-BA01F091F3C4}.Ad-Hoc|x64.ActiveCfg = Release|Any CPU
		{D92FEABE-23CA-4DEA-921C-BA01F091F3C4}.Ad-Hoc|x64.Build.0 = Release|Any CPU
		{D92FEABE-23CA-4DEA-921C-BA01F091F3C4}.Ad-Hoc|x64.Deploy.0 = Release|Any CPU
		{D92FEABE-23CA-4DEA-921C-BA01F091F3C4}.Ad-Hoc|x86.ActiveCfg = Release|Any CPU
		{D92FEABE-23CA-4DEA-921C-BA01F091F3C4}.Ad-Hoc|x86.Build.0 = Release|Any CPU
		{D92FEABE-23CA-4DEA-921C-BA01F091F3C4}.Ad-Hoc|x86.Deploy.0 = Release|Any CPU
		{D92FEABE-23CA-4DEA-921C-BA01F091F3C4}.AppStore|Any CPU.ActiveCfg = Release|Any CPU
		{D92FEABE-23CA-4DEA-921C-BA01F091F3C4}.AppStore|Any CPU.Build.0 = Release|Any CPU
		{D92FEABE-23CA-4DEA-921C-BA01F091F3C4}.AppStore|Any CPU.Deploy.0 = Release|Any CPU
		{D92FEABE-23CA-4DEA-921C-BA01F091F3C4}.AppStore|ARM.ActiveCfg = Release|Any CPU
		{D92FEABE-23CA-4DEA-921C-BA01F091F3C4}.AppStore|ARM.Build.0 = Release|Any CPU
		{D92FEABE-23CA-4DEA-921C-BA01F091F3C4}.AppStore|ARM.Deploy.0 = Release|Any CPU
		{D92FEABE-23CA-4DEA-921C-BA01F091F3C4}.AppStore|iPhone.ActiveCfg = Release|Any CPU
		{D92FEABE-23CA-4DEA-921C-BA01F091F3C4}.AppStore|iPhone.Build.0 = Release|Any CPU
		{D92FEABE-23CA-4DEA-921C-BA01F091F3C4}.AppStore|iPhone.Deploy.0 = Release|Any CPU
		{D92FEABE-23CA-4DEA-921C-BA01F091F3C4}.AppStore|iPhoneSimulator.ActiveCfg = Release|Any CPU
		{D92FEABE-23CA-4DEA-921C-BA01F091F3C4}.AppStore|iPhoneSimulator.Build.0 = Release|Any CPU
		{D92FEABE-23CA-4DEA-921C-BA01F091F3C4}.AppStore|iPhoneSimulator.Deploy.0 = Release|Any CPU
		{D92FEABE-23CA-4DEA-921C-BA01F091F3C4}.AppStore|x64.ActiveCfg = Release|Any CPU
		{D92FEABE-23CA-4DEA-921C-BA01F091F3C4}.AppStore|x64.Build.0 = Release|Any CPU
		{D92FEABE-23CA-4DEA-921C-BA01F091F3C4}.AppStore|x64.Deploy.0 = Release|Any CPU
		{D92FEABE-23CA-4DEA-921C-BA01F091F3C4}.AppStore|x86.ActiveCfg = Release|Any CPU
		{D92FEABE-23CA-4DEA-921C-BA01F091F3C4}.AppStore|x86.Build.0 = Release|Any CPU
		{D92FEABE-23CA-4DEA-921C-BA01F091F3C4}.AppStore|x86.Deploy.0 = Release|Any CPU
		{D92FEABE-23CA-4DEA-921C-BA01F091F3C4}.Debug|Any CPU.ActiveCfg = Debug|Any CPU
		{D92FEABE-23CA-4DEA-921C-BA01F091F3C4}.Debug|Any CPU.Build.0 = Debug|Any CPU
		{D92FEABE-23CA-4DEA-921C-BA01F091F3C4}.Debug|Any CPU.Deploy.0 = Debug|Any CPU
		{D92FEABE-23CA-4DEA-921C-BA01F091F3C4}.Debug|ARM.ActiveCfg = Debug|Any CPU
		{D92FEABE-23CA-4DEA-921C-BA01F091F3C4}.Debug|ARM.Build.0 = Debug|Any CPU
		{D92FEABE-23CA-4DEA-921C-BA01F091F3C4}.Debug|ARM.Deploy.0 = Debug|Any CPU
		{D92FEABE-23CA-4DEA-921C-BA01F091F3C4}.Debug|iPhone.ActiveCfg = Debug|Any CPU
		{D92FEABE-23CA-4DEA-921C-BA01F091F3C4}.Debug|iPhone.Build.0 = Debug|Any CPU
		{D92FEABE-23CA-4DEA-921C-BA01F091F3C4}.Debug|iPhone.Deploy.0 = Debug|Any CPU
		{D92FEABE-23CA-4DEA-921C-BA01F091F3C4}.Debug|iPhoneSimulator.ActiveCfg = Debug|Any CPU
		{D92FEABE-23CA-4DEA-921C-BA01F091F3C4}.Debug|iPhoneSimulator.Build.0 = Debug|Any CPU
		{D92FEABE-23CA-4DEA-921C-BA01F091F3C4}.Debug|iPhoneSimulator.Deploy.0 = Debug|Any CPU
		{D92FEABE-23CA-4DEA-921C-BA01F091F3C4}.Debug|x64.ActiveCfg = Debug|Any CPU
		{D92FEABE-23CA-4DEA-921C-BA01F091F3C4}.Debug|x64.Build.0 = Debug|Any CPU
		{D92FEABE-23CA-4DEA-921C-BA01F091F3C4}.Debug|x64.Deploy.0 = Debug|Any CPU
		{D92FEABE-23CA-4DEA-921C-BA01F091F3C4}.Debug|x86.ActiveCfg = Debug|Any CPU
		{D92FEABE-23CA-4DEA-921C-BA01F091F3C4}.Debug|x86.Build.0 = Debug|Any CPU
		{D92FEABE-23CA-4DEA-921C-BA01F091F3C4}.Debug|x86.Deploy.0 = Debug|Any CPU
		{D92FEABE-23CA-4DEA-921C-BA01F091F3C4}.Release|Any CPU.ActiveCfg = Release|Any CPU
		{D92FEABE-23CA-4DEA-921C-BA01F091F3C4}.Release|Any CPU.Build.0 = Release|Any CPU
		{D92FEABE-23CA-4DEA-921C-BA01F091F3C4}.Release|Any CPU.Deploy.0 = Release|Any CPU
		{D92FEABE-23CA-4DEA-921C-BA01F091F3C4}.Release|ARM.ActiveCfg = Release|Any CPU
		{D92FEABE-23CA-4DEA-921C-BA01F091F3C4}.Release|ARM.Build.0 = Release|Any CPU
		{D92FEABE-23CA-4DEA-921C-BA01F091F3C4}.Release|ARM.Deploy.0 = Release|Any CPU
		{D92FEABE-23CA-4DEA-921C-BA01F091F3C4}.Release|iPhone.ActiveCfg = Release|Any CPU
		{D92FEABE-23CA-4DEA-921C-BA01F091F3C4}.Release|iPhone.Build.0 = Release|Any CPU
		{D92FEABE-23CA-4DEA-921C-BA01F091F3C4}.Release|iPhone.Deploy.0 = Release|Any CPU
		{D92FEABE-23CA-4DEA-921C-BA01F091F3C4}.Release|iPhoneSimulator.ActiveCfg = Release|Any CPU
		{D92FEABE-23CA-4DEA-921C-BA01F091F3C4}.Release|iPhoneSimulator.Build.0 = Release|Any CPU
		{D92FEABE-23CA-4DEA-921C-BA01F091F3C4}.Release|iPhoneSimulator.Deploy.0 = Release|Any CPU
		{D92FEABE-23CA-4DEA-921C-BA01F091F3C4}.Release|x64.ActiveCfg = Release|Any CPU
		{D92FEABE-23CA-4DEA-921C-BA01F091F3C4}.Release|x64.Build.0 = Release|Any CPU
		{D92FEABE-23CA-4DEA-921C-BA01F091F3C4}.Release|x64.Deploy.0 = Release|Any CPU
		{D92FEABE-23CA-4DEA-921C-BA01F091F3C4}.Release|x86.ActiveCfg = Release|Any CPU
		{D92FEABE-23CA-4DEA-921C-BA01F091F3C4}.Release|x86.Build.0 = Release|Any CPU
		{D92FEABE-23CA-4DEA-921C-BA01F091F3C4}.Release|x86.Deploy.0 = Release|Any CPU
		{D2E4751E-203A-4BDD-8DA0-707EA52E38CD}.Ad-Hoc|Any CPU.ActiveCfg = Ad-Hoc|iPhone
		{D2E4751E-203A-4BDD-8DA0-707EA52E38CD}.Ad-Hoc|ARM.ActiveCfg = Ad-Hoc|iPhone
		{D2E4751E-203A-4BDD-8DA0-707EA52E38CD}.Ad-Hoc|iPhone.ActiveCfg = Ad-Hoc|iPhone
		{D2E4751E-203A-4BDD-8DA0-707EA52E38CD}.Ad-Hoc|iPhone.Build.0 = Ad-Hoc|iPhone
		{D2E4751E-203A-4BDD-8DA0-707EA52E38CD}.Ad-Hoc|iPhoneSimulator.ActiveCfg = Ad-Hoc|iPhoneSimulator
		{D2E4751E-203A-4BDD-8DA0-707EA52E38CD}.Ad-Hoc|iPhoneSimulator.Build.0 = Ad-Hoc|iPhoneSimulator
		{D2E4751E-203A-4BDD-8DA0-707EA52E38CD}.Ad-Hoc|x64.ActiveCfg = Ad-Hoc|iPhone
		{D2E4751E-203A-4BDD-8DA0-707EA52E38CD}.Ad-Hoc|x86.ActiveCfg = Ad-Hoc|iPhone
		{D2E4751E-203A-4BDD-8DA0-707EA52E38CD}.AppStore|Any CPU.ActiveCfg = AppStore|iPhone
		{D2E4751E-203A-4BDD-8DA0-707EA52E38CD}.AppStore|ARM.ActiveCfg = AppStore|iPhone
		{D2E4751E-203A-4BDD-8DA0-707EA52E38CD}.AppStore|iPhone.ActiveCfg = AppStore|iPhone
		{D2E4751E-203A-4BDD-8DA0-707EA52E38CD}.AppStore|iPhone.Build.0 = AppStore|iPhone
		{D2E4751E-203A-4BDD-8DA0-707EA52E38CD}.AppStore|iPhoneSimulator.ActiveCfg = AppStore|iPhoneSimulator
		{D2E4751E-203A-4BDD-8DA0-707EA52E38CD}.AppStore|iPhoneSimulator.Build.0 = AppStore|iPhoneSimulator
		{D2E4751E-203A-4BDD-8DA0-707EA52E38CD}.AppStore|x64.ActiveCfg = AppStore|iPhone
		{D2E4751E-203A-4BDD-8DA0-707EA52E38CD}.AppStore|x86.ActiveCfg = AppStore|iPhone
		{D2E4751E-203A-4BDD-8DA0-707EA52E38CD}.Debug|Any CPU.ActiveCfg = Debug|iPhone
		{D2E4751E-203A-4BDD-8DA0-707EA52E38CD}.Debug|ARM.ActiveCfg = Debug|iPhone
		{D2E4751E-203A-4BDD-8DA0-707EA52E38CD}.Debug|iPhone.ActiveCfg = Debug|iPhone
		{D2E4751E-203A-4BDD-8DA0-707EA52E38CD}.Debug|iPhone.Build.0 = Debug|iPhone
		{D2E4751E-203A-4BDD-8DA0-707EA52E38CD}.Debug|iPhoneSimulator.ActiveCfg = Debug|iPhoneSimulator
		{D2E4751E-203A-4BDD-8DA0-707EA52E38CD}.Debug|iPhoneSimulator.Build.0 = Debug|iPhoneSimulator
		{D2E4751E-203A-4BDD-8DA0-707EA52E38CD}.Debug|x64.ActiveCfg = Debug|iPhone
		{D2E4751E-203A-4BDD-8DA0-707EA52E38CD}.Debug|x86.ActiveCfg = Debug|iPhone
		{D2E4751E-203A-4BDD-8DA0-707EA52E38CD}.Release|Any CPU.ActiveCfg = Release|iPhone
		{D2E4751E-203A-4BDD-8DA0-707EA52E38CD}.Release|ARM.ActiveCfg = Release|iPhone
		{D2E4751E-203A-4BDD-8DA0-707EA52E38CD}.Release|iPhone.ActiveCfg = Release|iPhone
		{D2E4751E-203A-4BDD-8DA0-707EA52E38CD}.Release|iPhone.Build.0 = Release|iPhone
		{D2E4751E-203A-4BDD-8DA0-707EA52E38CD}.Release|iPhoneSimulator.ActiveCfg = Release|iPhoneSimulator
		{D2E4751E-203A-4BDD-8DA0-707EA52E38CD}.Release|iPhoneSimulator.Build.0 = Release|iPhoneSimulator
		{D2E4751E-203A-4BDD-8DA0-707EA52E38CD}.Release|x64.ActiveCfg = Release|iPhone
		{D2E4751E-203A-4BDD-8DA0-707EA52E38CD}.Release|x86.ActiveCfg = Release|iPhone
		{A51C2C76-8D74-441D-98DF-D887FCFA9E9B}.Ad-Hoc|Any CPU.ActiveCfg = Release|Any CPU
		{A51C2C76-8D74-441D-98DF-D887FCFA9E9B}.Ad-Hoc|Any CPU.Build.0 = Release|Any CPU
		{A51C2C76-8D74-441D-98DF-D887FCFA9E9B}.Ad-Hoc|ARM.ActiveCfg = Release|Any CPU
		{A51C2C76-8D74-441D-98DF-D887FCFA9E9B}.Ad-Hoc|ARM.Build.0 = Release|Any CPU
		{A51C2C76-8D74-441D-98DF-D887FCFA9E9B}.Ad-Hoc|iPhone.ActiveCfg = Release|Any CPU
		{A51C2C76-8D74-441D-98DF-D887FCFA9E9B}.Ad-Hoc|iPhone.Build.0 = Release|Any CPU
		{A51C2C76-8D74-441D-98DF-D887FCFA9E9B}.Ad-Hoc|iPhoneSimulator.ActiveCfg = Release|Any CPU
		{A51C2C76-8D74-441D-98DF-D887FCFA9E9B}.Ad-Hoc|iPhoneSimulator.Build.0 = Release|Any CPU
		{A51C2C76-8D74-441D-98DF-D887FCFA9E9B}.Ad-Hoc|x64.ActiveCfg = Release|Any CPU
		{A51C2C76-8D74-441D-98DF-D887FCFA9E9B}.Ad-Hoc|x64.Build.0 = Release|Any CPU
		{A51C2C76-8D74-441D-98DF-D887FCFA9E9B}.Ad-Hoc|x86.ActiveCfg = Release|Any CPU
		{A51C2C76-8D74-441D-98DF-D887FCFA9E9B}.Ad-Hoc|x86.Build.0 = Release|Any CPU
		{A51C2C76-8D74-441D-98DF-D887FCFA9E9B}.AppStore|Any CPU.ActiveCfg = Release|Any CPU
		{A51C2C76-8D74-441D-98DF-D887FCFA9E9B}.AppStore|Any CPU.Build.0 = Release|Any CPU
		{A51C2C76-8D74-441D-98DF-D887FCFA9E9B}.AppStore|ARM.ActiveCfg = Release|Any CPU
		{A51C2C76-8D74-441D-98DF-D887FCFA9E9B}.AppStore|ARM.Build.0 = Release|Any CPU
		{A51C2C76-8D74-441D-98DF-D887FCFA9E9B}.AppStore|iPhone.ActiveCfg = Release|Any CPU
		{A51C2C76-8D74-441D-98DF-D887FCFA9E9B}.AppStore|iPhone.Build.0 = Release|Any CPU
		{A51C2C76-8D74-441D-98DF-D887FCFA9E9B}.AppStore|iPhoneSimulator.ActiveCfg = Release|Any CPU
		{A51C2C76-8D74-441D-98DF-D887FCFA9E9B}.AppStore|iPhoneSimulator.Build.0 = Release|Any CPU
		{A51C2C76-8D74-441D-98DF-D887FCFA9E9B}.AppStore|x64.ActiveCfg = Release|Any CPU
		{A51C2C76-8D74-441D-98DF-D887FCFA9E9B}.AppStore|x64.Build.0 = Release|Any CPU
		{A51C2C76-8D74-441D-98DF-D887FCFA9E9B}.AppStore|x86.ActiveCfg = Release|Any CPU
		{A51C2C76-8D74-441D-98DF-D887FCFA9E9B}.AppStore|x86.Build.0 = Release|Any CPU
		{A51C2C76-8D74-441D-98DF-D887FCFA9E9B}.Debug|Any CPU.ActiveCfg = Debug|Any CPU
		{A51C2C76-8D74-441D-98DF-D887FCFA9E9B}.Debug|Any CPU.Build.0 = Debug|Any CPU
		{A51C2C76-8D74-441D-98DF-D887FCFA9E9B}.Debug|ARM.ActiveCfg = Debug|Any CPU
		{A51C2C76-8D74-441D-98DF-D887FCFA9E9B}.Debug|ARM.Build.0 = Debug|Any CPU
		{A51C2C76-8D74-441D-98DF-D887FCFA9E9B}.Debug|iPhone.ActiveCfg = Debug|Any CPU
		{A51C2C76-8D74-441D-98DF-D887FCFA9E9B}.Debug|iPhone.Build.0 = Debug|Any CPU
		{A51C2C76-8D74-441D-98DF-D887FCFA9E9B}.Debug|iPhoneSimulator.ActiveCfg = Debug|Any CPU
		{A51C2C76-8D74-441D-98DF-D887FCFA9E9B}.Debug|iPhoneSimulator.Build.0 = Debug|Any CPU
		{A51C2C76-8D74-441D-98DF-D887FCFA9E9B}.Debug|x64.ActiveCfg = Debug|Any CPU
		{A51C2C76-8D74-441D-98DF-D887FCFA9E9B}.Debug|x64.Build.0 = Debug|Any CPU
		{A51C2C76-8D74-441D-98DF-D887FCFA9E9B}.Debug|x86.ActiveCfg = Debug|Any CPU
		{A51C2C76-8D74-441D-98DF-D887FCFA9E9B}.Debug|x86.Build.0 = Debug|Any CPU
		{A51C2C76-8D74-441D-98DF-D887FCFA9E9B}.Release|Any CPU.ActiveCfg = Release|Any CPU
		{A51C2C76-8D74-441D-98DF-D887FCFA9E9B}.Release|Any CPU.Build.0 = Release|Any CPU
		{A51C2C76-8D74-441D-98DF-D887FCFA9E9B}.Release|ARM.ActiveCfg = Release|Any CPU
		{A51C2C76-8D74-441D-98DF-D887FCFA9E9B}.Release|ARM.Build.0 = Release|Any CPU
		{A51C2C76-8D74-441D-98DF-D887FCFA9E9B}.Release|iPhone.ActiveCfg = Release|Any CPU
		{A51C2C76-8D74-441D-98DF-D887FCFA9E9B}.Release|iPhone.Build.0 = Release|Any CPU
		{A51C2C76-8D74-441D-98DF-D887FCFA9E9B}.Release|iPhoneSimulator.ActiveCfg = Release|Any CPU
		{A51C2C76-8D74-441D-98DF-D887FCFA9E9B}.Release|iPhoneSimulator.Build.0 = Release|Any CPU
		{A51C2C76-8D74-441D-98DF-D887FCFA9E9B}.Release|x64.ActiveCfg = Release|Any CPU
		{A51C2C76-8D74-441D-98DF-D887FCFA9E9B}.Release|x64.Build.0 = Release|Any CPU
		{A51C2C76-8D74-441D-98DF-D887FCFA9E9B}.Release|x86.ActiveCfg = Release|Any CPU
		{A51C2C76-8D74-441D-98DF-D887FCFA9E9B}.Release|x86.Build.0 = Release|Any CPU
	EndGlobalSection
	GlobalSection(SolutionProperties) = preSolution
		HideSolutionNode = FALSE
	EndGlobalSection
EndGlobal
